// !$*UTF8*$!
{
	archiveVersion = 1;
	classes = {
	};
	objectVersion = 46;
	objects = {

/* Begin PBXBuildFile section */
		186C7B531F0205CF0074F46F /* Geofencing.gpx in Resources */ = {isa = PBXBuildFile; fileRef = 186C7B521F0205CF0074F46F /* Geofencing.gpx */; };
		187E7F8E1EFCA08A00F8C2BE /* AppDelegate.swift in Sources */ = {isa = PBXBuildFile; fileRef = 187E7F8D1EFCA08A00F8C2BE /* AppDelegate.swift */; };
		187E7F901EFCA08A00F8C2BE /* ViewController.swift in Sources */ = {isa = PBXBuildFile; fileRef = 187E7F8F1EFCA08A00F8C2BE /* ViewController.swift */; };
		187E7F931EFCA08A00F8C2BE /* Main.storyboard in Resources */ = {isa = PBXBuildFile; fileRef = 187E7F911EFCA08A00F8C2BE /* Main.storyboard */; };
		187E7F951EFCA08A00F8C2BE /* Assets.xcassets in Resources */ = {isa = PBXBuildFile; fileRef = 187E7F941EFCA08A00F8C2BE /* Assets.xcassets */; };
		187E7F981EFCA08A00F8C2BE /* LaunchScreen.storyboard in Resources */ = {isa = PBXBuildFile; fileRef = 187E7F961EFCA08A00F8C2BE /* LaunchScreen.storyboard */; };
		187E7FA01EFCA0E000F8C2BE /* CurrentWeather.swift in Sources */ = {isa = PBXBuildFile; fileRef = 187E7F9F1EFCA0E000F8C2BE /* CurrentWeather.swift */; };
		187E7FA21EFCA47300F8C2BE /* DataWeather.swift in Sources */ = {isa = PBXBuildFile; fileRef = 187E7FA11EFCA47300F8C2BE /* DataWeather.swift */; };
		18CA04521EFCF793000A6421 /* data.json in Resources */ = {isa = PBXBuildFile; fileRef = 18CA04511EFCF793000A6421 /* data.json */; };
		18CA04541EFCFE87000A6421 /* Extension.swift in Sources */ = {isa = PBXBuildFile; fileRef = 18CA04531EFCFE87000A6421 /* Extension.swift */; };
		18CA04561EFD0357000A6421 /* WeatherInHour.swift in Sources */ = {isa = PBXBuildFile; fileRef = 18CA04551EFD0357000A6421 /* WeatherInHour.swift */; };
		18CA04761EFD15DD000A6421 /* WeatherCollectionViewCell.swift in Sources */ = {isa = PBXBuildFile; fileRef = 18CA04751EFD15DD000A6421 /* WeatherCollectionViewCell.swift */; };
		18CA047A1EFD1D4C000A6421 /* data-2.json in Resources */ = {isa = PBXBuildFile; fileRef = 18CA04791EFD1D4C000A6421 /* data-2.json */; };
		18DA81D91F009EEE001A9E28 /* Notification.swift in Sources */ = {isa = PBXBuildFile; fileRef = 18DA81D81F009EEE001A9E28 /* Notification.swift */; };
		18E62D061EFE4E1D008C184D /* DaysInWeekTableVC.swift in Sources */ = {isa = PBXBuildFile; fileRef = 18E62D051EFE4E1D008C184D /* DaysInWeekTableVC.swift */; };
		18FCA44B1F01F34B00CF89AE /* ConvertHelper.swift in Sources */ = {isa = PBXBuildFile; fileRef = 18FCA44A1F01F34B00CF89AE /* ConvertHelper.swift */; };
		18FE4F191EFE16030094A5D3 /* WeatherInWeek.swift in Sources */ = {isa = PBXBuildFile; fileRef = 18FE4F181EFE16030094A5D3 /* WeatherInWeek.swift */; };
/* End PBXBuildFile section */

/* Begin PBXFileReference section */
		186C7B521F0205CF0074F46F /* Geofencing.gpx */ = {isa = PBXFileReference; fileEncoding = 4; lastKnownFileType = text.xml; path = Geofencing.gpx; sourceTree = "<group>"; };
		187E7F8A1EFCA08A00F8C2BE /* Weather.app */ = {isa = PBXFileReference; explicitFileType = wrapper.application; includeInIndex = 0; path = Weather.app; sourceTree = BUILT_PRODUCTS_DIR; };
		187E7F8D1EFCA08A00F8C2BE /* AppDelegate.swift */ = {isa = PBXFileReference; lastKnownFileType = sourcecode.swift; path = AppDelegate.swift; sourceTree = "<group>"; };
		187E7F8F1EFCA08A00F8C2BE /* ViewController.swift */ = {isa = PBXFileReference; lastKnownFileType = sourcecode.swift; path = ViewController.swift; sourceTree = "<group>"; };
		187E7F921EFCA08A00F8C2BE /* Base */ = {isa = PBXFileReference; lastKnownFileType = file.storyboard; name = Base; path = Base.lproj/Main.storyboard; sourceTree = "<group>"; };
		187E7F941EFCA08A00F8C2BE /* Assets.xcassets */ = {isa = PBXFileReference; lastKnownFileType = folder.assetcatalog; path = Assets.xcassets; sourceTree = "<group>"; };
		187E7F971EFCA08A00F8C2BE /* Base */ = {isa = PBXFileReference; lastKnownFileType = file.storyboard; name = Base; path = Base.lproj/LaunchScreen.storyboard; sourceTree = "<group>"; };
		187E7F991EFCA08A00F8C2BE /* Info.plist */ = {isa = PBXFileReference; lastKnownFileType = text.plist.xml; path = Info.plist; sourceTree = "<group>"; };
		187E7F9F1EFCA0E000F8C2BE /* CurrentWeather.swift */ = {isa = PBXFileReference; fileEncoding = 4; lastKnownFileType = sourcecode.swift; path = CurrentWeather.swift; sourceTree = "<group>"; };
		187E7FA11EFCA47300F8C2BE /* DataWeather.swift */ = {isa = PBXFileReference; fileEncoding = 4; lastKnownFileType = sourcecode.swift; path = DataWeather.swift; sourceTree = "<group>"; };
		18CA04511EFCF793000A6421 /* data.json */ = {isa = PBXFileReference; fileEncoding = 4; lastKnownFileType = text.json; path = data.json; sourceTree = "<group>"; };
		18CA04531EFCFE87000A6421 /* Extension.swift */ = {isa = PBXFileReference; fileEncoding = 4; lastKnownFileType = sourcecode.swift; path = Extension.swift; sourceTree = "<group>"; };
		18CA04551EFD0357000A6421 /* WeatherInHour.swift */ = {isa = PBXFileReference; fileEncoding = 4; lastKnownFileType = sourcecode.swift; path = WeatherInHour.swift; sourceTree = "<group>"; };
		18CA04751EFD15DD000A6421 /* WeatherCollectionViewCell.swift */ = {isa = PBXFileReference; fileEncoding = 4; lastKnownFileType = sourcecode.swift; path = WeatherCollectionViewCell.swift; sourceTree = "<group>"; };
		18CA04791EFD1D4C000A6421 /* data-2.json */ = {isa = PBXFileReference; fileEncoding = 4; lastKnownFileType = text.json; path = "data-2.json"; sourceTree = "<group>"; };
		18DA81D81F009EEE001A9E28 /* Notification.swift */ = {isa = PBXFileReference; fileEncoding = 4; lastKnownFileType = sourcecode.swift; path = Notification.swift; sourceTree = "<group>"; };
		18E62D051EFE4E1D008C184D /* DaysInWeekTableVC.swift */ = {isa = PBXFileReference; fileEncoding = 4; lastKnownFileType = sourcecode.swift; path = DaysInWeekTableVC.swift; sourceTree = "<group>"; };
		18FCA44A1F01F34B00CF89AE /* ConvertHelper.swift */ = {isa = PBXFileReference; fileEncoding = 4; lastKnownFileType = sourcecode.swift; path = ConvertHelper.swift; sourceTree = "<group>"; };
		18FE4F181EFE16030094A5D3 /* WeatherInWeek.swift */ = {isa = PBXFileReference; fileEncoding = 4; lastKnownFileType = sourcecode.swift; path = WeatherInWeek.swift; sourceTree = "<group>"; };
/* End PBXFileReference section */

/* Begin PBXFrameworksBuildPhase section */
		187E7F871EFCA08A00F8C2BE /* Frameworks */ = {
			isa = PBXFrameworksBuildPhase;
			buildActionMask = 2147483647;
			files = (
			);
			runOnlyForDeploymentPostprocessing = 0;
		};
/* End PBXFrameworksBuildPhase section */

/* Begin PBXGroup section */
		187E7F811EFCA08A00F8C2BE = {
			isa = PBXGroup;
			children = (
				187E7F8C1EFCA08A00F8C2BE /* Weather */,
				187E7F8B1EFCA08A00F8C2BE /* Products */,
			);
			sourceTree = "<group>";
		};
		187E7F8B1EFCA08A00F8C2BE /* Products */ = {
			isa = PBXGroup;
			children = (
				187E7F8A1EFCA08A00F8C2BE /* Weather.app */,
			);
			name = Products;
			sourceTree = "<group>";
		};
		187E7F8C1EFCA08A00F8C2BE /* Weather */ = {
			isa = PBXGroup;
			children = (
				18FE4F141EFDF3490094A5D3 /* Controllers */,
				18FE4F131EFDF3220094A5D3 /* DataService */,
				18FE4F121EFDF2EB0094A5D3 /* Model */,
				18FE4F151EFDF35A0094A5D3 /* Support Files */,
				187E7F8D1EFCA08A00F8C2BE /* AppDelegate.swift */,
				187E7F911EFCA08A00F8C2BE /* Main.storyboard */,
				187E7F941EFCA08A00F8C2BE /* Assets.xcassets */,
				187E7F961EFCA08A00F8C2BE /* LaunchScreen.storyboard */,
				187E7F991EFCA08A00F8C2BE /* Info.plist */,
				18CA04511EFCF793000A6421 /* data.json */,
				18CA04791EFD1D4C000A6421 /* data-2.json */,
				186C7B521F0205CF0074F46F /* Geofencing.gpx */,
			);
			path = Weather;
			sourceTree = "<group>";
		};
		18FE4F121EFDF2EB0094A5D3 /* Model */ = {
			isa = PBXGroup;
			children = (
				187E7F9F1EFCA0E000F8C2BE /* CurrentWeather.swift */,
				18CA04551EFD0357000A6421 /* WeatherInHour.swift */,
				18FE4F181EFE16030094A5D3 /* WeatherInWeek.swift */,
			);
			name = Model;
			sourceTree = "<group>";
		};
		18FE4F131EFDF3220094A5D3 /* DataService */ = {
			isa = PBXGroup;
			children = (
				187E7FA11EFCA47300F8C2BE /* DataWeather.swift */,
			);
			name = DataService;
			sourceTree = "<group>";
		};
		18FE4F141EFDF3490094A5D3 /* Controllers */ = {
			isa = PBXGroup;
			children = (
				187E7F8F1EFCA08A00F8C2BE /* ViewController.swift */,
				18CA04751EFD15DD000A6421 /* WeatherCollectionViewCell.swift */,
				18E62D051EFE4E1D008C184D /* DaysInWeekTableVC.swift */,
			);
			name = Controllers;
			sourceTree = "<group>";
		};
		18FE4F151EFDF35A0094A5D3 /* Support Files */ = {
			isa = PBXGroup;
			children = (
				18CA04531EFCFE87000A6421 /* Extension.swift */,
				18DA81D81F009EEE001A9E28 /* Notification.swift */,
				18FCA44A1F01F34B00CF89AE /* ConvertHelper.swift */,
			);
			name = "Support Files";
			sourceTree = "<group>";
		};
/* End PBXGroup section */

/* Begin PBXNativeTarget section */
		187E7F891EFCA08A00F8C2BE /* Weather */ = {
			isa = PBXNativeTarget;
			buildConfigurationList = 187E7F9C1EFCA08A00F8C2BE /* Build configuration list for PBXNativeTarget "Weather" */;
			buildPhases = (
				187E7F861EFCA08A00F8C2BE /* Sources */,
				187E7F871EFCA08A00F8C2BE /* Frameworks */,
				187E7F881EFCA08A00F8C2BE /* Resources */,
			);
			buildRules = (
			);
			dependencies = (
			);
			name = Weather;
			productName = Weather;
			productReference = 187E7F8A1EFCA08A00F8C2BE /* Weather.app */;
			productType = "com.apple.product-type.application";
		};
/* End PBXNativeTarget section */

/* Begin PBXProject section */
		187E7F821EFCA08A00F8C2BE /* Project object */ = {
			isa = PBXProject;
			attributes = {
				LastSwiftUpdateCheck = 0830;
				LastUpgradeCheck = 0830;
				ORGANIZATIONNAME = "Apple Inc.";
				TargetAttributes = {
					187E7F891EFCA08A00F8C2BE = {
						CreatedOnToolsVersion = 8.3.1;
						ProvisioningStyle = Automatic;
					};
				};
			};
			buildConfigurationList = 187E7F851EFCA08A00F8C2BE /* Build configuration list for PBXProject "Weather" */;
			compatibilityVersion = "Xcode 3.2";
			developmentRegion = English;
			hasScannedForEncodings = 0;
			knownRegions = (
				en,
				Base,
			);
			mainGroup = 187E7F811EFCA08A00F8C2BE;
			productRefGroup = 187E7F8B1EFCA08A00F8C2BE /* Products */;
			projectDirPath = "";
			projectRoot = "";
			targets = (
				187E7F891EFCA08A00F8C2BE /* Weather */,
			);
		};
/* End PBXProject section */

/* Begin PBXResourcesBuildPhase section */
		187E7F881EFCA08A00F8C2BE /* Resources */ = {
			isa = PBXResourcesBuildPhase;
			buildActionMask = 2147483647;
			files = (
				187E7F981EFCA08A00F8C2BE /* LaunchScreen.storyboard in Resources */,
				187E7F951EFCA08A00F8C2BE /* Assets.xcassets in Resources */,
				186C7B531F0205CF0074F46F /* Geofencing.gpx in Resources */,
				18CA047A1EFD1D4C000A6421 /* data-2.json in Resources */,
				187E7F931EFCA08A00F8C2BE /* Main.storyboard in Resources */,
				18CA04521EFCF793000A6421 /* data.json in Resources */,
			);
			runOnlyForDeploymentPostprocessing = 0;
		};
/* End PBXResourcesBuildPhase section */

/* Begin PBXSourcesBuildPhase section */
		187E7F861EFCA08A00F8C2BE /* Sources */ = {
			isa = PBXSourcesBuildPhase;
			buildActionMask = 2147483647;
			files = (
				18E62D061EFE4E1D008C184D /* DaysInWeekTableVC.swift in Sources */,
				18CA04561EFD0357000A6421 /* WeatherInHour.swift in Sources */,
				18FE4F191EFE16030094A5D3 /* WeatherInWeek.swift in Sources */,
				18CA04541EFCFE87000A6421 /* Extension.swift in Sources */,
				187E7F901EFCA08A00F8C2BE /* ViewController.swift in Sources */,
				187E7FA01EFCA0E000F8C2BE /* CurrentWeather.swift in Sources */,
				18FCA44B1F01F34B00CF89AE /* ConvertHelper.swift in Sources */,
				18DA81D91F009EEE001A9E28 /* Notification.swift in Sources */,
				187E7FA21EFCA47300F8C2BE /* DataWeather.swift in Sources */,
				187E7F8E1EFCA08A00F8C2BE /* AppDelegate.swift in Sources */,
				18CA04761EFD15DD000A6421 /* WeatherCollectionViewCell.swift in Sources */,
			);
			runOnlyForDeploymentPostprocessing = 0;
		};
/* End PBXSourcesBuildPhase section */

/* Begin PBXVariantGroup section */
		187E7F911EFCA08A00F8C2BE /* Main.storyboard */ = {
			isa = PBXVariantGroup;
			children = (
				187E7F921EFCA08A00F8C2BE /* Base */,
			);
			name = Main.storyboard;
			sourceTree = "<group>";
		};
		187E7F961EFCA08A00F8C2BE /* LaunchScreen.storyboard */ = {
			isa = PBXVariantGroup;
			children = (
				187E7F971EFCA08A00F8C2BE /* Base */,
			);
			name = LaunchScreen.storyboard;
			sourceTree = "<group>";
		};
/* End PBXVariantGroup section */

/* Begin XCBuildConfiguration section */
		187E7F9A1EFCA08A00F8C2BE /* Debug */ = {
			isa = XCBuildConfiguration;
			buildSettings = {
				ALWAYS_SEARCH_USER_PATHS = NO;
				CLANG_ANALYZER_NONNULL = YES;
				CLANG_ANALYZER_NUMBER_OBJECT_CONVERSION = YES_AGGRESSIVE;
				CLANG_CXX_LANGUAGE_STANDARD = "gnu++0x";
				CLANG_CXX_LIBRARY = "libc++";
				CLANG_ENABLE_MODULES = YES;
				CLANG_ENABLE_OBJC_ARC = YES;
				CLANG_WARN_BOOL_CONVERSION = YES;
				CLANG_WARN_CONSTANT_CONVERSION = YES;
				CLANG_WARN_DIRECT_OBJC_ISA_USAGE = YES_ERROR;
				CLANG_WARN_DOCUMENTATION_COMMENTS = YES;
				CLANG_WARN_EMPTY_BODY = YES;
				CLANG_WARN_ENUM_CONVERSION = YES;
				CLANG_WARN_INFINITE_RECURSION = YES;
				CLANG_WARN_INT_CONVERSION = YES;
				CLANG_WARN_OBJC_ROOT_CLASS = YES_ERROR;
				CLANG_WARN_SUSPICIOUS_MOVE = YES;
				CLANG_WARN_UNREACHABLE_CODE = YES;
				CLANG_WARN__DUPLICATE_METHOD_MATCH = YES;
				"CODE_SIGN_IDENTITY[sdk=iphoneos*]" = "iPhone Developer";
				COPY_PHASE_STRIP = NO;
				DEBUG_INFORMATION_FORMAT = dwarf;
				ENABLE_STRICT_OBJC_MSGSEND = YES;
				ENABLE_TESTABILITY = YES;
				GCC_C_LANGUAGE_STANDARD = gnu99;
				GCC_DYNAMIC_NO_PIC = NO;
				GCC_NO_COMMON_BLOCKS = YES;
				GCC_OPTIMIZATION_LEVEL = 0;
				GCC_PREPROCESSOR_DEFINITIONS = (
					"DEBUG=1",
					"$(inherited)",
				);
				GCC_WARN_64_TO_32_BIT_CONVERSION = YES;
				GCC_WARN_ABOUT_RETURN_TYPE = YES_ERROR;
				GCC_WARN_UNDECLARED_SELECTOR = YES;
				GCC_WARN_UNINITIALIZED_AUTOS = YES_AGGRESSIVE;
				GCC_WARN_UNUSED_FUNCTION = YES;
				GCC_WARN_UNUSED_VARIABLE = YES;
				IPHONEOS_DEPLOYMENT_TARGET = 10.3;
				MTL_ENABLE_DEBUG_INFO = YES;
				ONLY_ACTIVE_ARCH = YES;
				SDKROOT = iphoneos;
				SWIFT_ACTIVE_COMPILATION_CONDITIONS = DEBUG;
				SWIFT_OPTIMIZATION_LEVEL = "-Onone";
				TARGETED_DEVICE_FAMILY = "1,2";
			};
			name = Debug;
		};
		187E7F9B1EFCA08A00F8C2BE /* Release */ = {
			isa = XCBuildConfiguration;
			buildSettings = {
				ALWAYS_SEARCH_USER_PATHS = NO;
				CLANG_ANALYZER_NONNULL = YES;
				CLANG_ANALYZER_NUMBER_OBJECT_CONVERSION = YES_AGGRESSIVE;
				CLANG_CXX_LANGUAGE_STANDARD = "gnu++0x";
				CLANG_CXX_LIBRARY = "libc++";
				CLANG_ENABLE_MODULES = YES;
				CLANG_ENABLE_OBJC_ARC = YES;
				CLANG_WARN_BOOL_CONVERSION = YES;
				CLANG_WARN_CONSTANT_CONVERSION = YES;
				CLANG_WARN_DIRECT_OBJC_ISA_USAGE = YES_ERROR;
				CLANG_WARN_DOCUMENTATION_COMMENTS = YES;
				CLANG_WARN_EMPTY_BODY = YES;
				CLANG_WARN_ENUM_CONVERSION = YES;
				CLANG_WARN_INFINITE_RECURSION = YES;
				CLANG_WARN_INT_CONVERSION = YES;
				CLANG_WARN_OBJC_ROOT_CLASS = YES_ERROR;
				CLANG_WARN_SUSPICIOUS_MOVE = YES;
				CLANG_WARN_UNREACHABLE_CODE = YES;
				CLANG_WARN__DUPLICATE_METHOD_MATCH = YES;
				"CODE_SIGN_IDENTITY[sdk=iphoneos*]" = "iPhone Developer";
				COPY_PHASE_STRIP = NO;
				DEBUG_INFORMATION_FORMAT = "dwarf-with-dsym";
				ENABLE_NS_ASSERTIONS = NO;
				ENABLE_STRICT_OBJC_MSGSEND = YES;
				GCC_C_LANGUAGE_STANDARD = gnu99;
				GCC_NO_COMMON_BLOCKS = YES;
				GCC_WARN_64_TO_32_BIT_CONVERSION = YES;
				GCC_WARN_ABOUT_RETURN_TYPE = YES_ERROR;
				GCC_WARN_UNDECLARED_SELECTOR = YES;
				GCC_WARN_UNINITIALIZED_AUTOS = YES_AGGRESSIVE;
				GCC_WARN_UNUSED_FUNCTION = YES;
				GCC_WARN_UNUSED_VARIABLE = YES;
				IPHONEOS_DEPLOYMENT_TARGET = 10.3;
				MTL_ENABLE_DEBUG_INFO = NO;
				SDKROOT = iphoneos;
				SWIFT_OPTIMIZATION_LEVEL = "-Owholemodule";
				TARGETED_DEVICE_FAMILY = "1,2";
				VALIDATE_PRODUCT = YES;
			};
			name = Release;
		};
		187E7F9D1EFCA08A00F8C2BE /* Debug */ = {
			isa = XCBuildConfiguration;
			buildSettings = {
				ASSETCATALOG_COMPILER_APPICON_NAME = AppIcon;
				INFOPLIST_FILE = Weather/Info.plist;
				LD_RUNPATH_SEARCH_PATHS = "$(inherited) @executable_path/Frameworks";
				PRODUCT_BUNDLE_IDENTIFIER = com.example.Weather;
				PRODUCT_NAME = "$(TARGET_NAME)";
				SWIFT_VERSION = 3.0;
			};
			name = Debug;
		};
		187E7F9E1EFCA08A00F8C2BE /* Release */ = {
			isa = XCBuildConfiguration;
			buildSettings = {
				ASSETCATALOG_COMPILER_APPICON_NAME = AppIcon;
				INFOPLIST_FILE = Weather/Info.plist;
				LD_RUNPATH_SEARCH_PATHS = "$(inherited) @executable_path/Frameworks";
				PRODUCT_BUNDLE_IDENTIFIER = com.example.Weather;
				PRODUCT_NAME = "$(TARGET_NAME)";
				SWIFT_VERSION = 3.0;
			};
			name = Release;
		};
/* End XCBuildConfiguration section */

/* Begin XCConfigurationList section */
		187E7F851EFCA08A00F8C2BE /* Build configuration list for PBXProject "Weather" */ = {
			isa = XCConfigurationList;
			buildConfigurations = (
				187E7F9A1EFCA08A00F8C2BE /* Debug */,
				187E7F9B1EFCA08A00F8C2BE /* Release */,
			);
			defaultConfigurationIsVisible = 0;
			defaultConfigurationName = Release;
		};
		187E7F9C1EFCA08A00F8C2BE /* Build configuration list for PBXNativeTarget "Weather" */ = {
			isa = XCConfigurationList;
			buildConfigurations = (
				187E7F9D1EFCA08A00F8C2BE /* Debug */,
				187E7F9E1EFCA08A00F8C2BE /* Release */,
			);
			defaultConfigurationIsVisible = 0;
			defaultConfigurationName = Release;
		};
/* End XCConfigurationList section */
	};
	rootObject = 187E7F821EFCA08A00F8C2BE /* Project object */;
}
